// !$*UTF8*$!
{
	archiveVersion = 1;
	classes = {
	};
	objectVersion = 46;
	objects = {

/* Begin PBXBuildFile section */
		3C6407211CE42C2A00DF4376 /* WebKit.framework in Frameworks */ = {isa = PBXBuildFile; fileRef = 3C6407201CE42C2A00DF4376 /* WebKit.framework */; };
		3C8B46311CC6C2AC00043D66 /* Assets.xcassets in Resources */ = {isa = PBXBuildFile; fileRef = 3C8B46301CC6C2AC00043D66 /* Assets.xcassets */; };
		3C9918FF1CDD2428008AB9A6 /* node-package in Resources */ = {isa = PBXBuildFile; fileRef = 3C9918FE1CDD2428008AB9A6 /* node-package */; };
		3CB207BF1CED37BD00D3B8D2 /* AppDelegate.m in Sources */ = {isa = PBXBuildFile; fileRef = 3C8B46281CC6C2AC00043D66 /* AppDelegate.m */; };
		3CB207C01CED37BD00D3B8D2 /* MeshNode.m in Sources */ = {isa = PBXBuildFile; fileRef = 3C9918FC1CDD241E008AB9A6 /* MeshNode.m */; };
		3CB207C11CED37BD00D3B8D2 /* ConfigURLMessage.m in Sources */ = {isa = PBXBuildFile; fileRef = 3C14C26B1CE31065000895B1 /* ConfigURLMessage.m */; };
		3CB207C21CED37BD00D3B8D2 /* MeshMessage.m in Sources */ = {isa = PBXBuildFile; fileRef = 3C9919021CDD6203008AB9A6 /* MeshMessage.m */; };
		3CB207C31CED37BD00D3B8D2 /* GeneralErrorMessage.m in Sources */ = {isa = PBXBuildFile; fileRef = 3C9919051CDD643D008AB9A6 /* GeneralErrorMessage.m */; };
		3CB207C41CED37BD00D3B8D2 /* EstablishedRouteMessage.m in Sources */ = {isa = PBXBuildFile; fileRef = 3C9919081CDD7004008AB9A6 /* EstablishedRouteMessage.m */; };
		3CB207C51CED37BD00D3B8D2 /* EstablishingRouteMessage.m in Sources */ = {isa = PBXBuildFile; fileRef = 3C14C2681CE30A9F000895B1 /* EstablishingRouteMessage.m */; };
		3CB207C61CED37BD00D3B8D2 /* EstablishedRouteErrorMessage.m in Sources */ = {isa = PBXBuildFile; fileRef = 3C99190B1CDD729A008AB9A6 /* EstablishedRouteErrorMessage.m */; };
		3CB207C71CED37BD00D3B8D2 /* DataReceivedMessage.m in Sources */ = {isa = PBXBuildFile; fileRef = 3C99190E1CDD73F5008AB9A6 /* DataReceivedMessage.m */; };
		3CB207C81CED37BD00D3B8D2 /* SendDataMessage.m in Sources */ = {isa = PBXBuildFile; fileRef = 3C9919111CDD7529008AB9A6 /* SendDataMessage.m */; };
		3CB207C91CED37BD00D3B8D2 /* SendBackMessage.m in Sources */ = {isa = PBXBuildFile; fileRef = 3C9919141CDD7919008AB9A6 /* SendBackMessage.m */; };
		3CB207CA1CED37BD00D3B8D2 /* RoutesChangedMessage.m in Sources */ = {isa = PBXBuildFile; fileRef = 3C14C26E1CE316E6000895B1 /* RoutesChangedMessage.m */; };
		3CB207CB1CED37C400D3B8D2 /* PacketForwarder.m in Sources */ = {isa = PBXBuildFile; fileRef = 3C9918F81CDC5741008AB9A6 /* PacketForwarder.m */; };
		3CB207CD1CED37DA00D3B8D2 /* ViewController.m in Sources */ = {isa = PBXBuildFile; fileRef = 3C8B462E1CC6C2AC00043D66 /* ViewController.m */; };
		3CB207D01CED385C00D3B8D2 /* Main.storyboard in Resources */ = {isa = PBXBuildFile; fileRef = 3CB207CE1CED385C00D3B8D2 /* Main.storyboard */; };
		3CB207D11CED38BC00D3B8D2 /* main.m in Sources */ = {isa = PBXBuildFile; fileRef = 3C8B462B1CC6C2AC00043D66 /* main.m */; };
		3CB207D31CED402200D3B8D2 /* appIcon.icns in Resources */ = {isa = PBXBuildFile; fileRef = 3CB207D21CED402200D3B8D2 /* appIcon.icns */; };
		3CBE82D81CCBDD2100BF41C5 /* Security.framework in Frameworks */ = {isa = PBXBuildFile; fileRef = 3CBE82D71CCBDD2100BF41C5 /* Security.framework */; };
		3CBE82DA1CCBDD2800BF41C5 /* ServiceManagement.framework in Frameworks */ = {isa = PBXBuildFile; fileRef = 3CBE82D91CCBDD2800BF41C5 /* ServiceManagement.framework */; };
		3CBE82EB1CCBE47300BF41C5 /* skycoin.nodetun in CopyFiles */ = {isa = PBXBuildFile; fileRef = 3CBE82E21CCBE3FD00BF41C5 /* skycoin.nodetun */; settings = {ATTRIBUTES = (CodeSignOnCopy, ); }; };
		3CBE82EC1CCBE48600BF41C5 /* NodeTun.m in Sources */ = {isa = PBXBuildFile; fileRef = 3C8B46431CC73BCD00043D66 /* NodeTun.m */; };
		3CBE82ED1CCBE48600BF41C5 /* main.m in Sources */ = {isa = PBXBuildFile; fileRef = 3C8B46451CC73BCD00043D66 /* main.m */; };
		3CBE82EF1CCBEE7C00BF41C5 /* Foundation.framework in Frameworks */ = {isa = PBXBuildFile; fileRef = 3CBE82EE1CCBEE7C00BF41C5 /* Foundation.framework */; };
		3CBE82F01CCBEE8200BF41C5 /* Security.framework in Frameworks */ = {isa = PBXBuildFile; fileRef = 3CBE82D71CCBDD2100BF41C5 /* Security.framework */; };
/* End PBXBuildFile section */

/* Begin PBXContainerItemProxy section */
		3CB207D41CED883300D3B8D2 /* PBXContainerItemProxy */ = {
			isa = PBXContainerItemProxy;
			containerPortal = 3C8B461C1CC6C2AC00043D66 /* Project object */;
			proxyType = 1;
			remoteGlobalIDString = 3CBE82E11CCBE3FD00BF41C5;
			remoteInfo = nodetun;
		};
/* End PBXContainerItemProxy section */

/* Begin PBXCopyFilesBuildPhase section */
		3CBE82DC1CCBE24000BF41C5 /* CopyFiles */ = {
			isa = PBXCopyFilesBuildPhase;
			buildActionMask = 2147483647;
			dstPath = Contents/Library/LaunchServices;
			dstSubfolderSpec = 1;
			files = (
				3CBE82EB1CCBE47300BF41C5 /* skycoin.nodetun in CopyFiles */,
			);
			runOnlyForDeploymentPostprocessing = 0;
		};
		3CBE82E01CCBE3FD00BF41C5 /* CopyFiles */ = {
			isa = PBXCopyFilesBuildPhase;
			buildActionMask = 2147483647;
			dstPath = /usr/share/man/man1/;
			dstSubfolderSpec = 0;
			files = (
			);
			runOnlyForDeploymentPostprocessing = 1;
		};
/* End PBXCopyFilesBuildPhase section */

/* Begin PBXFileReference section */
		3C14C2671CE30A9F000895B1 /* EstablishingRouteMessage.h */ = {isa = PBXFileReference; fileEncoding = 4; lastKnownFileType = sourcecode.c.h; path = EstablishingRouteMessage.h; sourceTree = "<group>"; };
		3C14C2681CE30A9F000895B1 /* EstablishingRouteMessage.m */ = {isa = PBXFileReference; fileEncoding = 4; lastKnownFileType = sourcecode.c.objc; path = EstablishingRouteMessage.m; sourceTree = "<group>"; };
		3C14C26A1CE31065000895B1 /* ConfigURLMessage.h */ = {isa = PBXFileReference; fileEncoding = 4; lastKnownFileType = sourcecode.c.h; path = ConfigURLMessage.h; sourceTree = "<group>"; };
		3C14C26B1CE31065000895B1 /* ConfigURLMessage.m */ = {isa = PBXFileReference; fileEncoding = 4; lastKnownFileType = sourcecode.c.objc; path = ConfigURLMessage.m; sourceTree = "<group>"; };
		3C14C26D1CE316E6000895B1 /* RoutesChangedMessage.h */ = {isa = PBXFileReference; fileEncoding = 4; lastKnownFileType = sourcecode.c.h; path = RoutesChangedMessage.h; sourceTree = "<group>"; };
		3C14C26E1CE316E6000895B1 /* RoutesChangedMessage.m */ = {isa = PBXFileReference; fileEncoding = 4; lastKnownFileType = sourcecode.c.objc; path = RoutesChangedMessage.m; sourceTree = "<group>"; };
		3C6407201CE42C2A00DF4376 /* WebKit.framework */ = {isa = PBXFileReference; lastKnownFileType = wrapper.framework; name = WebKit.framework; path = System/Library/Frameworks/WebKit.framework; sourceTree = SDKROOT; };
		3C8B46241CC6C2AC00043D66 /* Skycoin VPN.app */ = {isa = PBXFileReference; explicitFileType = wrapper.application; includeInIndex = 0; path = "Skycoin VPN.app"; sourceTree = BUILT_PRODUCTS_DIR; };
		3C8B46271CC6C2AC00043D66 /* AppDelegate.h */ = {isa = PBXFileReference; lastKnownFileType = sourcecode.c.h; path = AppDelegate.h; sourceTree = "<group>"; };
		3C8B46281CC6C2AC00043D66 /* AppDelegate.m */ = {isa = PBXFileReference; lastKnownFileType = sourcecode.c.objc; path = AppDelegate.m; sourceTree = "<group>"; };
		3C8B462B1CC6C2AC00043D66 /* main.m */ = {isa = PBXFileReference; lastKnownFileType = sourcecode.c.objc; path = main.m; sourceTree = "<group>"; };
		3C8B462D1CC6C2AC00043D66 /* ViewController.h */ = {isa = PBXFileReference; lastKnownFileType = sourcecode.c.h; path = ViewController.h; sourceTree = "<group>"; };
		3C8B462E1CC6C2AC00043D66 /* ViewController.m */ = {isa = PBXFileReference; lastKnownFileType = sourcecode.c.objc; path = ViewController.m; sourceTree = "<group>"; };
		3C8B46301CC6C2AC00043D66 /* Assets.xcassets */ = {isa = PBXFileReference; lastKnownFileType = folder.assetcatalog; path = Assets.xcassets; sourceTree = "<group>"; };
		3C8B46411CC73BCD00043D66 /* NodeTunProtocol.h */ = {isa = PBXFileReference; lastKnownFileType = sourcecode.c.h; path = NodeTunProtocol.h; sourceTree = "<group>"; };
		3C8B46421CC73BCD00043D66 /* NodeTun.h */ = {isa = PBXFileReference; lastKnownFileType = sourcecode.c.h; path = NodeTun.h; sourceTree = "<group>"; };
		3C8B46431CC73BCD00043D66 /* NodeTun.m */ = {isa = PBXFileReference; lastKnownFileType = sourcecode.c.objc; path = NodeTun.m; sourceTree = "<group>"; };
		3C8B46451CC73BCD00043D66 /* main.m */ = {isa = PBXFileReference; lastKnownFileType = sourcecode.c.objc; path = main.m; sourceTree = "<group>"; };
		3C8B46471CC73BCD00043D66 /* Info.plist */ = {isa = PBXFileReference; lastKnownFileType = text.plist.xml; path = Info.plist; sourceTree = "<group>"; };
		3C9918F81CDC5741008AB9A6 /* PacketForwarder.m */ = {isa = PBXFileReference; fileEncoding = 4; lastKnownFileType = sourcecode.c.objc; path = PacketForwarder.m; sourceTree = "<group>"; };
		3C9918FA1CDC5756008AB9A6 /* PacketForwarder.h */ = {isa = PBXFileReference; lastKnownFileType = sourcecode.c.h; path = PacketForwarder.h; sourceTree = "<group>"; };
		3C9918FB1CDD241E008AB9A6 /* MeshNode.h */ = {isa = PBXFileReference; fileEncoding = 4; lastKnownFileType = sourcecode.c.h; path = MeshNode.h; sourceTree = "<group>"; };
		3C9918FC1CDD241E008AB9A6 /* MeshNode.m */ = {isa = PBXFileReference; fileEncoding = 4; lastKnownFileType = sourcecode.c.objc; path = MeshNode.m; sourceTree = "<group>"; };
		3C9918FE1CDD2428008AB9A6 /* node-package */ = {isa = PBXFileReference; lastKnownFileType = folder; path = "node-package"; sourceTree = "<group>"; };
		3C9919011CDD6203008AB9A6 /* MeshMessage.h */ = {isa = PBXFileReference; fileEncoding = 4; lastKnownFileType = sourcecode.c.h; lineEnding = 0; path = MeshMessage.h; sourceTree = "<group>"; xcLanguageSpecificationIdentifier = xcode.lang.objcpp; };
		3C9919021CDD6203008AB9A6 /* MeshMessage.m */ = {isa = PBXFileReference; fileEncoding = 4; lastKnownFileType = sourcecode.c.objc; lineEnding = 0; path = MeshMessage.m; sourceTree = "<group>"; xcLanguageSpecificationIdentifier = xcode.lang.objc; };
		3C9919041CDD643D008AB9A6 /* GeneralErrorMessage.h */ = {isa = PBXFileReference; fileEncoding = 4; lastKnownFileType = sourcecode.c.h; path = GeneralErrorMessage.h; sourceTree = "<group>"; };
		3C9919051CDD643D008AB9A6 /* GeneralErrorMessage.m */ = {isa = PBXFileReference; fileEncoding = 4; lastKnownFileType = sourcecode.c.objc; path = GeneralErrorMessage.m; sourceTree = "<group>"; };
		3C9919071CDD7004008AB9A6 /* EstablishedRouteMessage.h */ = {isa = PBXFileReference; fileEncoding = 4; lastKnownFileType = sourcecode.c.h; path = EstablishedRouteMessage.h; sourceTree = "<group>"; };
		3C9919081CDD7004008AB9A6 /* EstablishedRouteMessage.m */ = {isa = PBXFileReference; fileEncoding = 4; lastKnownFileType = sourcecode.c.objc; path = EstablishedRouteMessage.m; sourceTree = "<group>"; };
		3C99190A1CDD729A008AB9A6 /* EstablishedRouteErrorMessage.h */ = {isa = PBXFileReference; fileEncoding = 4; lastKnownFileType = sourcecode.c.h; path = EstablishedRouteErrorMessage.h; sourceTree = "<group>"; };
		3C99190B1CDD729A008AB9A6 /* EstablishedRouteErrorMessage.m */ = {isa = PBXFileReference; fileEncoding = 4; lastKnownFileType = sourcecode.c.objc; path = EstablishedRouteErrorMessage.m; sourceTree = "<group>"; };
		3C99190D1CDD73F5008AB9A6 /* DataReceivedMessage.h */ = {isa = PBXFileReference; fileEncoding = 4; lastKnownFileType = sourcecode.c.h; path = DataReceivedMessage.h; sourceTree = "<group>"; };
		3C99190E1CDD73F5008AB9A6 /* DataReceivedMessage.m */ = {isa = PBXFileReference; fileEncoding = 4; lastKnownFileType = sourcecode.c.objc; path = DataReceivedMessage.m; sourceTree = "<group>"; };
		3C9919101CDD7529008AB9A6 /* SendDataMessage.h */ = {isa = PBXFileReference; fileEncoding = 4; lastKnownFileType = sourcecode.c.h; path = SendDataMessage.h; sourceTree = "<group>"; };
		3C9919111CDD7529008AB9A6 /* SendDataMessage.m */ = {isa = PBXFileReference; fileEncoding = 4; lastKnownFileType = sourcecode.c.objc; lineEnding = 0; path = SendDataMessage.m; sourceTree = "<group>"; xcLanguageSpecificationIdentifier = xcode.lang.objc; };
		3C9919131CDD7919008AB9A6 /* SendBackMessage.h */ = {isa = PBXFileReference; fileEncoding = 4; lastKnownFileType = sourcecode.c.h; path = SendBackMessage.h; sourceTree = "<group>"; };
		3C9919141CDD7919008AB9A6 /* SendBackMessage.m */ = {isa = PBXFileReference; fileEncoding = 4; lastKnownFileType = sourcecode.c.objc; path = SendBackMessage.m; sourceTree = "<group>"; };
		3CB207CF1CED385C00D3B8D2 /* Base */ = {isa = PBXFileReference; lastKnownFileType = file.storyboard; name = Base; path = Base.lproj/Main.storyboard; sourceTree = "<group>"; };
		3CB207D21CED402200D3B8D2 /* appIcon.icns */ = {isa = PBXFileReference; lastKnownFileType = image.icns; path = appIcon.icns; sourceTree = "<group>"; };
		3CBE82D51CCBDBC700BF41C5 /* launchd.plist */ = {isa = PBXFileReference; fileEncoding = 4; lastKnownFileType = text.plist.xml; path = launchd.plist; sourceTree = "<group>"; };
		3CBE82D71CCBDD2100BF41C5 /* Security.framework */ = {isa = PBXFileReference; lastKnownFileType = wrapper.framework; name = Security.framework; path = System/Library/Frameworks/Security.framework; sourceTree = SDKROOT; };
		3CBE82D91CCBDD2800BF41C5 /* ServiceManagement.framework */ = {isa = PBXFileReference; lastKnownFileType = wrapper.framework; name = ServiceManagement.framework; path = System/Library/Frameworks/ServiceManagement.framework; sourceTree = SDKROOT; };
		3CBE82E21CCBE3FD00BF41C5 /* skycoin.nodetun */ = {isa = PBXFileReference; explicitFileType = "compiled.mach-o.executable"; includeInIndex = 0; path = skycoin.nodetun; sourceTree = BUILT_PRODUCTS_DIR; };
		3CBE82EE1CCBEE7C00BF41C5 /* Foundation.framework */ = {isa = PBXFileReference; lastKnownFileType = wrapper.framework; name = Foundation.framework; path = System/Library/Frameworks/Foundation.framework; sourceTree = SDKROOT; };
/* End PBXFileReference section */

/* Begin PBXFrameworksBuildPhase section */
		3C8B46211CC6C2AC00043D66 /* Frameworks */ = {
			isa = PBXFrameworksBuildPhase;
			buildActionMask = 2147483647;
			files = (
				3C6407211CE42C2A00DF4376 /* WebKit.framework in Frameworks */,
				3CBE82DA1CCBDD2800BF41C5 /* ServiceManagement.framework in Frameworks */,
				3CBE82D81CCBDD2100BF41C5 /* Security.framework in Frameworks */,
			);
			runOnlyForDeploymentPostprocessing = 0;
		};
		3CBE82DF1CCBE3FD00BF41C5 /* Frameworks */ = {
			isa = PBXFrameworksBuildPhase;
			buildActionMask = 2147483647;
			files = (
				3CBE82F01CCBEE8200BF41C5 /* Security.framework in Frameworks */,
				3CBE82EF1CCBEE7C00BF41C5 /* Foundation.framework in Frameworks */,
			);
			runOnlyForDeploymentPostprocessing = 0;
		};
/* End PBXFrameworksBuildPhase section */

/* Begin PBXGroup section */
		3C8B461B1CC6C2AC00043D66 = {
			isa = PBXGroup;
			children = (
				3C8B46261CC6C2AC00043D66 /* vpn */,
				3C8B46401CC73BCD00043D66 /* nodetun */,
				3C8B46251CC6C2AC00043D66 /* Products */,
			);
			sourceTree = "<group>";
		};
		3C8B46251CC6C2AC00043D66 /* Products */ = {
			isa = PBXGroup;
			children = (
				3C8B46241CC6C2AC00043D66 /* Skycoin VPN.app */,
				3CBE82E21CCBE3FD00BF41C5 /* skycoin.nodetun */,
			);
			name = Products;
			sourceTree = "<group>";
		};
		3C8B46261CC6C2AC00043D66 /* vpn */ = {
			isa = PBXGroup;
			children = (
				3CB207D21CED402200D3B8D2 /* appIcon.icns */,
				3C8B46271CC6C2AC00043D66 /* AppDelegate.h */,
				3C8B46281CC6C2AC00043D66 /* AppDelegate.m */,
				3C8B46301CC6C2AC00043D66 /* Assets.xcassets */,
				3CB207CE1CED385C00D3B8D2 /* Main.storyboard */,
				3CBE82DB1CCBDDF600BF41C5 /* Frameworks */,
				3C9918FB1CDD241E008AB9A6 /* MeshNode.h */,
				3C9918FC1CDD241E008AB9A6 /* MeshNode.m */,
				3C9919001CDD4251008AB9A6 /* Messages */,
				3C9918FE1CDD2428008AB9A6 /* node-package */,
				3C9918FA1CDC5756008AB9A6 /* PacketForwarder.h */,
				3C9918F81CDC5741008AB9A6 /* PacketForwarder.m */,
				3C8B462B1CC6C2AC00043D66 /* main.m */,
				3C8B462D1CC6C2AC00043D66 /* ViewController.h */,
				3C8B462E1CC6C2AC00043D66 /* ViewController.m */,
			);
			path = vpn;
			sourceTree = "<group>";
		};
		3C8B46401CC73BCD00043D66 /* nodetun */ = {
			isa = PBXGroup;
			children = (
				3C8B46411CC73BCD00043D66 /* NodeTunProtocol.h */,
				3C8B46421CC73BCD00043D66 /* NodeTun.h */,
				3C8B46431CC73BCD00043D66 /* NodeTun.m */,
				3C8B46451CC73BCD00043D66 /* main.m */,
				3C8B46471CC73BCD00043D66 /* Info.plist */,
				3CBE82D51CCBDBC700BF41C5 /* launchd.plist */,
			);
			path = nodetun;
			sourceTree = "<group>";
		};
		3C9919001CDD4251008AB9A6 /* Messages */ = {
			isa = PBXGroup;
			children = (
				3C14C26A1CE31065000895B1 /* ConfigURLMessage.h */,
				3C14C26B1CE31065000895B1 /* ConfigURLMessage.m */,
				3C9919011CDD6203008AB9A6 /* MeshMessage.h */,
				3C9919021CDD6203008AB9A6 /* MeshMessage.m */,
				3C9919041CDD643D008AB9A6 /* GeneralErrorMessage.h */,
				3C9919051CDD643D008AB9A6 /* GeneralErrorMessage.m */,
				3C9919071CDD7004008AB9A6 /* EstablishedRouteMessage.h */,
				3C9919081CDD7004008AB9A6 /* EstablishedRouteMessage.m */,
				3C14C2671CE30A9F000895B1 /* EstablishingRouteMessage.h */,
				3C14C2681CE30A9F000895B1 /* EstablishingRouteMessage.m */,
				3C99190A1CDD729A008AB9A6 /* EstablishedRouteErrorMessage.h */,
				3C99190B1CDD729A008AB9A6 /* EstablishedRouteErrorMessage.m */,
				3C99190D1CDD73F5008AB9A6 /* DataReceivedMessage.h */,
				3C99190E1CDD73F5008AB9A6 /* DataReceivedMessage.m */,
				3C9919101CDD7529008AB9A6 /* SendDataMessage.h */,
				3C9919111CDD7529008AB9A6 /* SendDataMessage.m */,
				3C9919131CDD7919008AB9A6 /* SendBackMessage.h */,
				3C9919141CDD7919008AB9A6 /* SendBackMessage.m */,
				3C14C26D1CE316E6000895B1 /* RoutesChangedMessage.h */,
				3C14C26E1CE316E6000895B1 /* RoutesChangedMessage.m */,
			);
			path = Messages;
			sourceTree = "<group>";
		};
		3CBE82DB1CCBDDF600BF41C5 /* Frameworks */ = {
			isa = PBXGroup;
			children = (
				3CBE82EE1CCBEE7C00BF41C5 /* Foundation.framework */,
				3CBE82D91CCBDD2800BF41C5 /* ServiceManagement.framework */,
				3CBE82D71CCBDD2100BF41C5 /* Security.framework */,
				3C6407201CE42C2A00DF4376 /* WebKit.framework */,
			);
			name = Frameworks;
			sourceTree = "<group>";
		};
/* End PBXGroup section */

/* Begin PBXNativeTarget section */
		3C8B46231CC6C2AC00043D66 /* Skycoin VPN */ = {
			isa = PBXNativeTarget;
			buildConfigurationList = 3C8B46381CC6C2AC00043D66 /* Build configuration list for PBXNativeTarget "Skycoin VPN" */;
			buildPhases = (
				3C8B46201CC6C2AC00043D66 /* Sources */,
				3C8B46211CC6C2AC00043D66 /* Frameworks */,
				3C8B46221CC6C2AC00043D66 /* Resources */,
				3CBE82DC1CCBE24000BF41C5 /* CopyFiles */,
			);
			buildRules = (
			);
			dependencies = (
				3CB207D51CED883300D3B8D2 /* PBXTargetDependency */,
			);
			name = "Skycoin VPN";
			productName = mesh;
			productReference = 3C8B46241CC6C2AC00043D66 /* Skycoin VPN.app */;
			productType = "com.apple.product-type.application";
		};
		3CBE82E11CCBE3FD00BF41C5 /* nodetun */ = {
			isa = PBXNativeTarget;
			buildConfigurationList = 3CBE82E61CCBE3FD00BF41C5 /* Build configuration list for PBXNativeTarget "nodetun" */;
			buildPhases = (
				3CBE82DE1CCBE3FD00BF41C5 /* Sources */,
				3CBE82DF1CCBE3FD00BF41C5 /* Frameworks */,
				3CBE82E01CCBE3FD00BF41C5 /* CopyFiles */,
			);
			buildRules = (
			);
			dependencies = (
			);
			name = nodetun;
			productName = skycoin.nodetun;
			productReference = 3CBE82E21CCBE3FD00BF41C5 /* skycoin.nodetun */;
			productType = "com.apple.product-type.tool";
		};
/* End PBXNativeTarget section */

/* Begin PBXProject section */
		3C8B461C1CC6C2AC00043D66 /* Project object */ = {
			isa = PBXProject;
			attributes = {
				LastUpgradeCheck = 0730;
				ORGANIZATIONNAME = skycoin;
				TargetAttributes = {
					3C8B46231CC6C2AC00043D66 = {
						CreatedOnToolsVersion = 7.3;
					};
					3CBE82E11CCBE3FD00BF41C5 = {
						CreatedOnToolsVersion = 7.3;
					};
				};
			};
			buildConfigurationList = 3C8B461F1CC6C2AC00043D66 /* Build configuration list for PBXProject "skycoin-osx-vpn" */;
			compatibilityVersion = "Xcode 3.2";
			developmentRegion = English;
			hasScannedForEncodings = 0;
			knownRegions = (
				en,
				Base,
			);
			mainGroup = 3C8B461B1CC6C2AC00043D66;
			productRefGroup = 3C8B46251CC6C2AC00043D66 /* Products */;
			projectDirPath = "";
			projectRoot = "";
			targets = (
				3C8B46231CC6C2AC00043D66 /* Skycoin VPN */,
				3CBE82E11CCBE3FD00BF41C5 /* nodetun */,
			);
		};
/* End PBXProject section */

/* Begin PBXResourcesBuildPhase section */
		3C8B46221CC6C2AC00043D66 /* Resources */ = {
			isa = PBXResourcesBuildPhase;
			buildActionMask = 2147483647;
			files = (
				3CB207D01CED385C00D3B8D2 /* Main.storyboard in Resources */,
				3CB207D31CED402200D3B8D2 /* appIcon.icns in Resources */,
				3C8B46311CC6C2AC00043D66 /* Assets.xcassets in Resources */,
				3C9918FF1CDD2428008AB9A6 /* node-package in Resources */,
			);
			runOnlyForDeploymentPostprocessing = 0;
		};
/* End PBXResourcesBuildPhase section */

/* Begin PBXSourcesBuildPhase section */
		3C8B46201CC6C2AC00043D66 /* Sources */ = {
			isa = PBXSourcesBuildPhase;
			buildActionMask = 2147483647;
			files = (
				3CB207CD1CED37DA00D3B8D2 /* ViewController.m in Sources */,
				3CB207C31CED37BD00D3B8D2 /* GeneralErrorMessage.m in Sources */,
				3CB207C01CED37BD00D3B8D2 /* MeshNode.m in Sources */,
				3CB207C51CED37BD00D3B8D2 /* EstablishingRouteMessage.m in Sources */,
				3CB207C91CED37BD00D3B8D2 /* SendBackMessage.m in Sources */,
				3CB207C71CED37BD00D3B8D2 /* DataReceivedMessage.m in Sources */,
				3CB207C41CED37BD00D3B8D2 /* EstablishedRouteMessage.m in Sources */,
				3CB207CA1CED37BD00D3B8D2 /* RoutesChangedMessage.m in Sources */,
				3CB207C11CED37BD00D3B8D2 /* ConfigURLMessage.m in Sources */,
				3CB207CB1CED37C400D3B8D2 /* PacketForwarder.m in Sources */,
				3CB207D11CED38BC00D3B8D2 /* main.m in Sources */,
				3CB207C21CED37BD00D3B8D2 /* MeshMessage.m in Sources */,
				3CB207C81CED37BD00D3B8D2 /* SendDataMessage.m in Sources */,
				3CB207BF1CED37BD00D3B8D2 /* AppDelegate.m in Sources */,
				3CB207C61CED37BD00D3B8D2 /* EstablishedRouteErrorMessage.m in Sources */,
			);
			runOnlyForDeploymentPostprocessing = 0;
		};
		3CBE82DE1CCBE3FD00BF41C5 /* Sources */ = {
			isa = PBXSourcesBuildPhase;
			buildActionMask = 2147483647;
			files = (
				3CBE82EC1CCBE48600BF41C5 /* NodeTun.m in Sources */,
				3CBE82ED1CCBE48600BF41C5 /* main.m in Sources */,
			);
			runOnlyForDeploymentPostprocessing = 0;
		};
/* End PBXSourcesBuildPhase section */

/* Begin PBXTargetDependency section */
		3CB207D51CED883300D3B8D2 /* PBXTargetDependency */ = {
			isa = PBXTargetDependency;
			target = 3CBE82E11CCBE3FD00BF41C5 /* nodetun */;
			targetProxy = 3CB207D41CED883300D3B8D2 /* PBXContainerItemProxy */;
		};
/* End PBXTargetDependency section */

/* Begin PBXVariantGroup section */
		3CB207CE1CED385C00D3B8D2 /* Main.storyboard */ = {
			isa = PBXVariantGroup;
			children = (
				3CB207CF1CED385C00D3B8D2 /* Base */,
			);
			name = Main.storyboard;
			sourceTree = "<group>";
		};
/* End PBXVariantGroup section */

/* Begin XCBuildConfiguration section */
		3C8B46361CC6C2AC00043D66 /* Debug */ = {
			isa = XCBuildConfiguration;
			buildSettings = {
				ALWAYS_SEARCH_USER_PATHS = NO;
				CLANG_ANALYZER_NONNULL = YES;
				CLANG_CXX_LANGUAGE_STANDARD = "gnu++0x";
				CLANG_CXX_LIBRARY = "libc++";
				CLANG_ENABLE_MODULES = YES;
				CLANG_ENABLE_OBJC_ARC = YES;
				CLANG_WARN_BOOL_CONVERSION = YES;
				CLANG_WARN_CONSTANT_CONVERSION = YES;
				CLANG_WARN_DIRECT_OBJC_ISA_USAGE = YES_ERROR;
				CLANG_WARN_EMPTY_BODY = YES;
				CLANG_WARN_ENUM_CONVERSION = YES;
				CLANG_WARN_INT_CONVERSION = YES;
				CLANG_WARN_OBJC_ROOT_CLASS = YES_ERROR;
				CLANG_WARN_UNREACHABLE_CODE = YES;
				CLANG_WARN__DUPLICATE_METHOD_MATCH = YES;
				CODE_SIGN_IDENTITY = "-";
				COPY_PHASE_STRIP = NO;
				DEBUG_INFORMATION_FORMAT = dwarf;
				ENABLE_STRICT_OBJC_MSGSEND = YES;
				ENABLE_TESTABILITY = YES;
				GCC_C_LANGUAGE_STANDARD = gnu99;
				GCC_DYNAMIC_NO_PIC = NO;
				GCC_NO_COMMON_BLOCKS = YES;
				GCC_OPTIMIZATION_LEVEL = 0;
				GCC_PREPROCESSOR_DEFINITIONS = (
					"DEBUG=1",
					"$(inherited)",
				);
				GCC_WARN_64_TO_32_BIT_CONVERSION = YES;
				GCC_WARN_ABOUT_RETURN_TYPE = YES_ERROR;
				GCC_WARN_UNDECLARED_SELECTOR = YES;
				GCC_WARN_UNINITIALIZED_AUTOS = YES_AGGRESSIVE;
				GCC_WARN_UNUSED_FUNCTION = YES;
				GCC_WARN_UNUSED_VARIABLE = YES;
				MACOSX_DEPLOYMENT_TARGET = 10.11;
				MTL_ENABLE_DEBUG_INFO = YES;
				ONLY_ACTIVE_ARCH = YES;
				SDKROOT = macosx;
			};
			name = Debug;
		};
		3C8B46371CC6C2AC00043D66 /* Release */ = {
			isa = XCBuildConfiguration;
			buildSettings = {
				ALWAYS_SEARCH_USER_PATHS = NO;
				CLANG_ANALYZER_NONNULL = YES;
				CLANG_CXX_LANGUAGE_STANDARD = "gnu++0x";
				CLANG_CXX_LIBRARY = "libc++";
				CLANG_ENABLE_MODULES = YES;
				CLANG_ENABLE_OBJC_ARC = YES;
				CLANG_WARN_BOOL_CONVERSION = YES;
				CLANG_WARN_CONSTANT_CONVERSION = YES;
				CLANG_WARN_DIRECT_OBJC_ISA_USAGE = YES_ERROR;
				CLANG_WARN_EMPTY_BODY = YES;
				CLANG_WARN_ENUM_CONVERSION = YES;
				CLANG_WARN_INT_CONVERSION = YES;
				CLANG_WARN_OBJC_ROOT_CLASS = YES_ERROR;
				CLANG_WARN_UNREACHABLE_CODE = YES;
				CLANG_WARN__DUPLICATE_METHOD_MATCH = YES;
				CODE_SIGN_IDENTITY = "-";
				COPY_PHASE_STRIP = NO;
				DEBUG_INFORMATION_FORMAT = "dwarf-with-dsym";
				ENABLE_NS_ASSERTIONS = NO;
				ENABLE_STRICT_OBJC_MSGSEND = YES;
				GCC_C_LANGUAGE_STANDARD = gnu99;
				GCC_NO_COMMON_BLOCKS = YES;
				GCC_WARN_64_TO_32_BIT_CONVERSION = YES;
				GCC_WARN_ABOUT_RETURN_TYPE = YES_ERROR;
				GCC_WARN_UNDECLARED_SELECTOR = YES;
				GCC_WARN_UNINITIALIZED_AUTOS = YES_AGGRESSIVE;
				GCC_WARN_UNUSED_FUNCTION = YES;
				GCC_WARN_UNUSED_VARIABLE = YES;
				MACOSX_DEPLOYMENT_TARGET = 10.11;
				MTL_ENABLE_DEBUG_INFO = NO;
				SDKROOT = macosx;
			};
			name = Release;
		};
		3C8B46391CC6C2AC00043D66 /* Debug */ = {
			isa = XCBuildConfiguration;
			buildSettings = {
				CODE_SIGN_IDENTITY = skycoin;
				COMBINE_HIDPI_IMAGES = YES;
				INFOPLIST_FILE = vpn/Info.plist;
				LD_RUNPATH_SEARCH_PATHS = "$(inherited) @executable_path/../Frameworks";
				PRODUCT_BUNDLE_IDENTIFIER = skycoin.mesh;
				PRODUCT_NAME = "$(TARGET_NAME)";
			};
			name = Debug;
		};
		3C8B463A1CC6C2AC00043D66 /* Release */ = {
			isa = XCBuildConfiguration;
			buildSettings = {
				CODE_SIGN_IDENTITY = skycoin;
				COMBINE_HIDPI_IMAGES = YES;
				INFOPLIST_FILE = vpn/Info.plist;
				LD_RUNPATH_SEARCH_PATHS = "$(inherited) @executable_path/../Frameworks";
				PRODUCT_BUNDLE_IDENTIFIER = skycoin.mesh;
				PRODUCT_NAME = "$(TARGET_NAME)";
			};
			name = Release;
		};
		3CBE82E71CCBE3FD00BF41C5 /* Debug */ = {
			isa = XCBuildConfiguration;
			buildSettings = {
				CODE_SIGN_IDENTITY = skycoin;
				INFOPLIST_FILE = nodetun/Info.plist;
				OTHER_LDFLAGS = (
					"-sectcreate",
					__TEXT,
					__info_plist,
					nodetun/Info.plist,
					"-sectcreate",
					__TEXT,
					__launchd_plist,
					nodetun/launchd.plist,
				);
				PRODUCT_NAME = skycoin.nodetun;
				SKIP_INSTALL = YES;
			};
			name = Debug;
		};
		3CBE82E81CCBE3FD00BF41C5 /* Release */ = {
			isa = XCBuildConfiguration;
			buildSettings = {
				CODE_SIGN_IDENTITY = skycoin;
				INFOPLIST_FILE = nodetun/Info.plist;
				OTHER_LDFLAGS = (
					"-sectcreate",
					__TEXT,
					__info_plist,
					nodetun/Info.plist,
					"-sectcreate",
					__TEXT,
					__launchd_plist,
					nodetun/launchd.plist,
				);
				PRODUCT_NAME = skycoin.nodetun;
				SKIP_INSTALL = YES;
			};
			name = Release;
		};
/* End XCBuildConfiguration section */

/* Begin XCConfigurationList section */
		3C8B461F1CC6C2AC00043D66 /* Build configuration list for PBXProject "skycoin-osx-vpn" */ = {
			isa = XCConfigurationList;
			buildConfigurations = (
				3C8B46361CC6C2AC00043D66 /* Debug */,
				3C8B46371CC6C2AC00043D66 /* Release */,
			);
			defaultConfigurationIsVisible = 0;
			defaultConfigurationName = Release;
		};
		3C8B46381CC6C2AC00043D66 /* Build configuration list for PBXNativeTarget "Skycoin VPN" */ = {
			isa = XCConfigurationList;
			buildConfigurations = (
				3C8B46391CC6C2AC00043D66 /* Debug */,
				3C8B463A1CC6C2AC00043D66 /* Release */,
			);
			defaultConfigurationIsVisible = 0;
			defaultConfigurationName = Release;
		};
		3CBE82E61CCBE3FD00BF41C5 /* Build configuration list for PBXNativeTarget "nodetun" */ = {
			isa = XCConfigurationList;
			buildConfigurations = (
				3CBE82E71CCBE3FD00BF41C5 /* Debug */,
				3CBE82E81CCBE3FD00BF41C5 /* Release */,
			);
			defaultConfigurationIsVisible = 0;
			defaultConfigurationName = Release;
		};
/* End XCConfigurationList section */
	};
	rootObject = 3C8B461C1CC6C2AC00043D66 /* Project object */;
}
